
Microsoft Visual Studio Solution File, Format Version 12.00
# Visual Studio 14
VisualStudioVersion = 14.0.25420.1
MinimumVisualStudioVersion = 10.0.40219.1
Project("{FAE04EC0-301F-11D3-BF4B-00C04F79EFBC}") = "TuSuper.Web", "TuSuper.Web\TuSuper.Web.csproj", "{40803204-BF3D-4F09-B185-190B00257AD3}"
EndProject
Project("{FAE04EC0-301F-11D3-BF4B-00C04F79EFBC}") = "TuSuper.WebAdmin", "TuSuper.WebAdmin\TuSuper.WebAdmin.csproj", "{159EB4AA-4973-4A15-8594-87ECE25C394D}"
EndProject
Project("{FAE04EC0-301F-11D3-BF4B-00C04F79EFBC}") = "TuSuper.Win", "TuSuper.Win\TuSuper.Win.csproj", "{35A92F80-44F6-4F0A-8E98-0A3BC43452B9}"
EndProject
Project("{FAE04EC0-301F-11D3-BF4B-00C04F79EFBC}") = "TuSuper.BL", "TuSuper.BL\TuSuper.BL.csproj", "{071EE3BA-CAF5-46EC-B7D3-F5DB882AFC4C}"
EndProject
Global
	GlobalSection(SolutionConfigurationPlatforms) = preSolution
		Debug|Any CPU = Debug|Any CPU
		Release|Any CPU = Release|Any CPU
	EndGlobalSection
	GlobalSection(ProjectConfigurationPlatforms) = postSolution
		{40803204-BF3D-4F09-B185-190B00257AD3}.Debug|Any CPU.ActiveCfg = Debug|Any CPU
		{40803204-BF3D-4F09-B185-190B00257AD3}.Debug|Any CPU.Build.0 = Debug|Any CPU
		{40803204-BF3D-4F09-B185-190B00257AD3}.Release|Any CPU.ActiveCfg = Release|Any CPU
		{40803204-BF3D-4F09-B185-190B00257AD3}.Release|Any CPU.Build.0 = Release|Any CPU
		{159EB4AA-4973-4A15-8594-87ECE25C394D}.Debug|Any CPU.ActiveCfg = Debug|Any CPU
		{159EB4AA-4973-4A15-8594-87ECE25C394D}.Debug|Any CPU.Build.0 = Debug|Any CPU
		{159EB4AA-4973-4A15-8594-87ECE25C394D}.Release|Any CPU.ActiveCfg = Release|Any CPU
		{159EB4AA-4973-4A15-8594-87ECE25C394D}.Release|Any CPU.Build.0 = Release|Any CPU
		{35A92F80-44F6-4F0A-8E98-0A3BC43452B9}.Debug|Any CPU.ActiveCfg = Debug|Any CPU
		{35A92F80-44F6-4F0A-8E98-0A3BC43452B9}.Debug|Any CPU.Build.0 = Debug|Any CPU
		{35A92F80-44F6-4F0A-8E98-0A3BC43452B9}.Release|Any CPU.ActiveCfg = Release|Any CPU
		{35A92F80-44F6-4F0A-8E98-0A3BC43452B9}.Release|Any CPU.Build.0 = Release|Any CPU
		{071EE3BA-CAF5-46EC-B7D3-F5DB882AFC4C}.Debug|Any CPU.ActiveCfg = Debug|Any CPU
		{071EE3BA-CAF5-46EC-B7D3-F5DB882AFC4C}.Debug|Any CPU.Build.0 = Debug|Any CPU
		{071EE3BA-CAF5-46EC-B7D3-F5DB882AFC4C}.Release|Any CPU.ActiveCfg = Release|Any CPU
		{071EE3BA-CAF5-46EC-B7D3-F5DB882AFC4C}.Release|Any CPU.Build.0 = Release|Any CPU
	EndGlobalSection
	GlobalSection(SolutionProperties) = preSolution
		HideSolutionNode = FALSE
	EndGlobalSection
EndGlobal
